
Microsoft Visual Studio Solution File, Format Version 12.00
# Visual Studio 2013
VisualStudioVersion = 12.0.30501.0
MinimumVisualStudioVersion = 10.0.40219.1
Project("{FAE04EC0-301F-11D3-BF4B-00C04F79EFBC}") = "EventsProtocolsDelegates", "EventsProtocolsDelegates\EventsProtocolsDelegates.csproj", "{8FD1D065-9FF6-4EF2-B258-2E1414F3E9FE}"
EndProject
Global
	GlobalSection(SolutionConfigurationPlatforms) = preSolution
		Ad-Hoc|iPhone = Ad-Hoc|iPhone
		Ad-Hoc|iPhoneSimulator = Ad-Hoc|iPhoneSimulator
		AppStore|iPhone = AppStore|iPhone
		AppStore|iPhoneSimulator = AppStore|iPhoneSimulator
		Debug|iPhone = Debug|iPhone
		Debug|iPhoneSimulator = Debug|iPhoneSimulator
		Release|iPhone = Release|iPhone
		Release|iPhoneSimulator = Release|iPhoneSimulator
	EndGlobalSection
	GlobalSection(ProjectConfigurationPlatforms) = postSolution
		{8FD1D065-9FF6-4EF2-B258-2E1414F3E9FE}.Ad-Hoc|iPhone.ActiveCfg = Ad-Hoc|iPhone
		{8FD1D065-9FF6-4EF2-B258-2E1414F3E9FE}.Ad-Hoc|iPhone.Build.0 = Ad-Hoc|iPhone
		{8FD1D065-9FF6-4EF2-B258-2E1414F3E9FE}.Ad-Hoc|iPhone.Deploy.0 = Ad-Hoc|iPhone
		{8FD1D065-9FF6-4EF2-B258-2E1414F3E9FE}.Ad-Hoc|iPhoneSimulator.ActiveCfg = Ad-Hoc|iPhoneSimulator
		{8FD1D065-9FF6-4EF2-B258-2E1414F3E9FE}.Ad-Hoc|iPhoneSimulator.Build.0 = Ad-Hoc|iPhoneSimulator
		{8FD1D065-9FF6-4EF2-B258-2E1414F3E9FE}.Ad-Hoc|iPhoneSimulator.Deploy.0 = Ad-Hoc|iPhoneSimulator
		{8FD1D065-9FF6-4EF2-B258-2E1414F3E9FE}.AppStore|iPhone.ActiveCfg = AppStore|iPhone
		{8FD1D065-9FF6-4EF2-B258-2E1414F3E9FE}.AppStore|iPhone.Build.0 = AppStore|iPhone
		{8FD1D065-9FF6-4EF2-B258-2E1414F3E9FE}.AppStore|iPhone.Deploy.0 = AppStore|iPhone
		{8FD1D065-9FF6-4EF2-B258-2E1414F3E9FE}.AppStore|iPhoneSimulator.ActiveCfg = AppStore|iPhoneSimulator
		{8FD1D065-9FF6-4EF2-B258-2E1414F3E9FE}.AppStore|iPhoneSimulator.Build.0 = AppStore|iPhoneSimulator
		{8FD1D065-9FF6-4EF2-B258-2E1414F3E9FE}.AppStore|iPhoneSimulator.Deploy.0 = AppStore|iPhoneSimulator
		{8FD1D065-9FF6-4EF2-B258-2E1414F3E9FE}.Debug|iPhone.ActiveCfg = Debug|iPhone
		{8FD1D065-9FF6-4EF2-B258-2E1414F3E9FE}.Debug|iPhone.Build.0 = Debug|iPhone
		{8FD1D065-9FF6-4EF2-B258-2E1414F3E9FE}.Debug|iPhone.Deploy.0 = Debug|iPhone
		{8FD1D065-9FF6-4EF2-B258-2E1414F3E9FE}.Debug|iPhoneSimulator.ActiveCfg = Debug|iPhoneSimulator
		{8FD1D065-9FF6-4EF2-B258-2E1414F3E9FE}.Debug|iPhoneSimulator.Build.0 = Debug|iPhoneSimulator
		{8FD1D065-9FF6-4EF2-B258-2E1414F3E9FE}.Debug|iPhoneSimulator.Deploy.0 = Debug|iPhoneSimulator
		{8FD1D065-9FF6-4EF2-B258-2E1414F3E9FE}.Release|iPhone.ActiveCfg = Release|iPhone
		{8FD1D065-9FF6-4EF2-B258-2E1414F3E9FE}.Release|iPhone.Build.0 = Release|iPhone
		{8FD1D065-9FF6-4EF2-B258-2E1414F3E9FE}.Release|iPhone.Deploy.0 = Release|iPhone
		{8FD1D065-9FF6-4EF2-B258-2E1414F3E9FE}.Release|iPhoneSimulator.ActiveCfg = Release|iPhoneSimulator
		{8FD1D065-9FF6-4EF2-B258-2E1414F3E9FE}.Release|iPhoneSimulator.Build.0 = Release|iPhoneSimulator
		{8FD1D065-9FF6-4EF2-B258-2E1414F3E9FE}.Release|iPhoneSimulator.Deploy.0 = Release|iPhoneSimulator
	EndGlobalSection
	GlobalSection(SolutionProperties) = preSolution
		HideSolutionNode = FALSE
	EndGlobalSection
EndGlobal
